
Microsoft Visual Studio Solution File, Format Version 12.00
# Visual Studio 2012
Project("{2150E333-8FDC-42A3-9474-1A3956D46DE8}") = ".nuget", ".nuget", "{5F101D25-16DD-439C-BBAE-DA6CE508F756}"
	ProjectSection(SolutionItems) = preProject
		.nuget\NuGet.Config = .nuget\NuGet.Config
		.nuget\NuGet.exe = .nuget\NuGet.exe
		.nuget\NuGet.targets = .nuget\NuGet.targets
	EndProjectSection
EndProject
Project("{FAE04EC0-301F-11D3-BF4B-00C04F79EFBC}") = "BizUxModule", "BizUxModule\BizUxModule.csproj", "{ECD5B353-E9CC-459C-816F-24446C97FC3F}"
EndProject
Project("{FAE04EC0-301F-11D3-BF4B-00C04F79EFBC}") = "BizApiModule", "apimod\BizApiModule.csproj", "{C7D219E2-190A-4D38-983A-A692654CC47C}"
EndProject
Global
	GlobalSection(SolutionConfigurationPlatforms) = preSolution
		Debug|Any CPU = Debug|Any CPU
		Release|Any CPU = Release|Any CPU
	EndGlobalSection
	GlobalSection(ProjectConfigurationPlatforms) = postSolution
		{ECD5B353-E9CC-459C-816F-24446C97FC3F}.Debug|Any CPU.ActiveCfg = Debug|Any CPU
		{ECD5B353-E9CC-459C-816F-24446C97FC3F}.Debug|Any CPU.Build.0 = Debug|Any CPU
		{ECD5B353-E9CC-459C-816F-24446C97FC3F}.Release|Any CPU.ActiveCfg = Release|Any CPU
		{ECD5B353-E9CC-459C-816F-24446C97FC3F}.Release|Any CPU.Build.0 = Release|Any CPU
		{C7D219E2-190A-4D38-983A-A692654CC47C}.Debug|Any CPU.ActiveCfg = Debug|Any CPU
		{C7D219E2-190A-4D38-983A-A692654CC47C}.Debug|Any CPU.Build.0 = Debug|Any CPU
		{C7D219E2-190A-4D38-983A-A692654CC47C}.Release|Any CPU.ActiveCfg = Release|Any CPU
		{C7D219E2-190A-4D38-983A-A692654CC47C}.Release|Any CPU.Build.0 = Release|Any CPU
	EndGlobalSection
	GlobalSection(SolutionProperties) = preSolution
		HideSolutionNode = FALSE
	EndGlobalSection
EndGlobal
